
Microsoft Visual Studio Solution File, Format Version 12.00
# Visual Studio Version 16
VisualStudioVersion = 16.0.32106.194
MinimumVisualStudioVersion = 10.0.40219.1
Project("{FAE04EC0-301F-11D3-BF4B-00C04F79EFBC}") = "FireSecurityWF", "FireSecurityWF.csproj", "{D952991A-84C5-4C7A-AEB1-6EFA995FAB27}"
EndProject
Global
	GlobalSection(SolutionConfigurationPlatforms) = preSolution
		Debug|Any CPU = Debug|Any CPU
		Release|Any CPU = Release|Any CPU
	EndGlobalSection
	GlobalSection(ProjectConfigurationPlatforms) = postSolution
		{D952991A-84C5-4C7A-AEB1-6EFA995FAB27}.Debug|Any CPU.ActiveCfg = Debug|Any CPU
		{D952991A-84C5-4C7A-AEB1-6EFA995FAB27}.Debug|Any CPU.Build.0 = Debug|Any CPU
		{D952991A-84C5-4C7A-AEB1-6EFA995FAB27}.Release|Any CPU.ActiveCfg = Release|Any CPU
		{D952991A-84C5-4C7A-AEB1-6EFA995FAB27}.Release|Any CPU.Build.0 = Release|Any CPU
	EndGlobalSection
	GlobalSection(SolutionProperties) = preSolution
		HideSolutionNode = FALSE
	EndGlobalSection
	GlobalSection(ExtensibilityGlobals) = postSolution
		SolutionGuid = {4D2CE63C-609E-421E-BA86-9BD18F4AD95B}
	EndGlobalSection
EndGlobal
